
Microsoft Visual Studio Solution File, Format Version 12.00
# Visual Studio Version 17
VisualStudioVersion = 17.3.32901.215
MinimumVisualStudioVersion = 10.0.40219.1
Project("{FAE04EC0-301F-11D3-BF4B-00C04F79EFBC}") = "ConsoleApp7", "ConsoleApp7\ConsoleApp7.csproj", "{CDE14508-3C03-4E64-8AEE-BF6B8CCAA94C}"
EndProject
Global
	GlobalSection(SolutionConfigurationPlatforms) = preSolution
		Debug|Any CPU = Debug|Any CPU
		Release|Any CPU = Release|Any CPU
	EndGlobalSection
	GlobalSection(ProjectConfigurationPlatforms) = postSolution
		{CDE14508-3C03-4E64-8AEE-BF6B8CCAA94C}.Debug|Any CPU.ActiveCfg = Debug|Any CPU
		{CDE14508-3C03-4E64-8AEE-BF6B8CCAA94C}.Debug|Any CPU.Build.0 = Debug|Any CPU
		{CDE14508-3C03-4E64-8AEE-BF6B8CCAA94C}.Release|Any CPU.ActiveCfg = Release|Any CPU
		{CDE14508-3C03-4E64-8AEE-BF6B8CCAA94C}.Release|Any CPU.Build.0 = Release|Any CPU
	EndGlobalSection
	GlobalSection(SolutionProperties) = preSolution
		HideSolutionNode = FALSE
	EndGlobalSection
	GlobalSection(ExtensibilityGlobals) = postSolution
		SolutionGuid = {D892D909-B254-4A41-B0CB-14088F7F0AB1}
	EndGlobalSection
EndGlobal
